
Microsoft Visual Studio Solution File, Format Version 12.00
# Visual Studio Version 17
VisualStudioVersion = 17.12.35527.113
MinimumVisualStudioVersion = 10.0.40219.1
Project("{2150E333-8FDC-42A3-9474-1A3956D46DE8}") = "src", "src", "{67B31499-8C50-4551-8BBC-6A2B9EB7846D}"
EndProject
Project("{2150E333-8FDC-42A3-9474-1A3956D46DE8}") = "api", "api", "{1D77FBD0-A7B2-4FEA-8583-91BBCA601363}"
EndProject
Project("{2150E333-8FDC-42A3-9474-1A3956D46DE8}") = "Core", "Core", "{3AD90848-6471-4410-A30E-C26D50B079A9}"
EndProject
Project("{2150E333-8FDC-42A3-9474-1A3956D46DE8}") = "Infrastructure", "Infrastructure", "{BDB9E9CF-A3D0-4ABF-AAFD-601D48FB9012}"
EndProject
Project("{FAE04EC0-301F-11D3-BF4B-00C04F79EFBC}") = "Main", "src\apis\Main\Main.csproj", "{B41D9D63-A26C-4B34-9AE9-F95599C4376E}"
EndProject
Project("{FAE04EC0-301F-11D3-BF4B-00C04F79EFBC}") = "Abstraction", "src\Core\Abstraction\Abstraction.csproj", "{F2443021-0057-4D98-9975-5FB15FDF359B}"
EndProject
Project("{FAE04EC0-301F-11D3-BF4B-00C04F79EFBC}") = "Application", "src\Core\Application\Application.csproj", "{971B62F8-EBAD-4229-B031-6F8B1458CE22}"
EndProject
Project("{FAE04EC0-301F-11D3-BF4B-00C04F79EFBC}") = "Domain", "src\Core\Domain\Domain.csproj", "{7DA6F654-6FFE-471E-B410-128BF67A176E}"
EndProject
Project("{FAE04EC0-301F-11D3-BF4B-00C04F79EFBC}") = "Resources", "src\Core\Resources\Resources.csproj", "{EA573E00-D1C2-4910-B924-FDAEB15BF931}"
EndProject
Project("{FAE04EC0-301F-11D3-BF4B-00C04F79EFBC}") = "Infrastructure", "src\Infrastructure\Infrastructure\Infrastructure.csproj", "{7ECCA32E-25CF-48C5-99EE-CA8841C4112B}"
EndProject
Project("{FAE04EC0-301F-11D3-BF4B-00C04F79EFBC}") = "Presentation", "src\Infrastructure\Presentation\Presentation.csproj", "{B04D0E38-035C-4824-BF7D-FD5B4AC4B313}"
EndProject
Project("{2150E333-8FDC-42A3-9474-1A3956D46DE8}") = "Solution Items", "Solution Items", "{56D7F5A7-3695-45F7-AF44-38BE7ABE2723}"
	ProjectSection(SolutionItems) = preProject
		.dockerignore = .dockerignore
		.gitignore = .gitignore
		.gitlab-ci.yml = .gitlab-ci.yml
		build.cake = build.cake
		Directory.Build.props = Directory.Build.props
		Directory.Packages.props = Directory.Packages.props
		docker-compose.development.yaml = docker-compose.development.yaml
		docker-compose.production.yaml = docker-compose.production.yaml
		docker-compose.staging.yaml = docker-compose.staging.yaml
		docker-compose.yaml = docker-compose.yaml
		Dockerfile = Dockerfile
	EndProjectSection
EndProject
Global
	GlobalSection(SolutionConfigurationPlatforms) = preSolution
		Debug|Any CPU = Debug|Any CPU
		Release|Any CPU = Release|Any CPU
	EndGlobalSection
	GlobalSection(ProjectConfigurationPlatforms) = postSolution
		{B41D9D63-A26C-4B34-9AE9-F95599C4376E}.Debug|Any CPU.ActiveCfg = Debug|Any CPU
		{B41D9D63-A26C-4B34-9AE9-F95599C4376E}.Debug|Any CPU.Build.0 = Debug|Any CPU
		{B41D9D63-A26C-4B34-9AE9-F95599C4376E}.Release|Any CPU.ActiveCfg = Release|Any CPU
		{B41D9D63-A26C-4B34-9AE9-F95599C4376E}.Release|Any CPU.Build.0 = Release|Any CPU
		{F2443021-0057-4D98-9975-5FB15FDF359B}.Debug|Any CPU.ActiveCfg = Debug|Any CPU
		{F2443021-0057-4D98-9975-5FB15FDF359B}.Debug|Any CPU.Build.0 = Debug|Any CPU
		{F2443021-0057-4D98-9975-5FB15FDF359B}.Release|Any CPU.ActiveCfg = Release|Any CPU
		{F2443021-0057-4D98-9975-5FB15FDF359B}.Release|Any CPU.Build.0 = Release|Any CPU
		{971B62F8-EBAD-4229-B031-6F8B1458CE22}.Debug|Any CPU.ActiveCfg = Debug|Any CPU
		{971B62F8-EBAD-4229-B031-6F8B1458CE22}.Debug|Any CPU.Build.0 = Debug|Any CPU
		{971B62F8-EBAD-4229-B031-6F8B1458CE22}.Release|Any CPU.ActiveCfg = Release|Any CPU
		{971B62F8-EBAD-4229-B031-6F8B1458CE22}.Release|Any CPU.Build.0 = Release|Any CPU
		{7DA6F654-6FFE-471E-B410-128BF67A176E}.Debug|Any CPU.ActiveCfg = Debug|Any CPU
		{7DA6F654-6FFE-471E-B410-128BF67A176E}.Debug|Any CPU.Build.0 = Debug|Any CPU
		{7DA6F654-6FFE-471E-B410-128BF67A176E}.Release|Any CPU.ActiveCfg = Release|Any CPU
		{7DA6F654-6FFE-471E-B410-128BF67A176E}.Release|Any CPU.Build.0 = Release|Any CPU
		{EA573E00-D1C2-4910-B924-FDAEB15BF931}.Debug|Any CPU.ActiveCfg = Debug|Any CPU
		{EA573E00-D1C2-4910-B924-FDAEB15BF931}.Debug|Any CPU.Build.0 = Debug|Any CPU
		{EA573E00-D1C2-4910-B924-FDAEB15BF931}.Release|Any CPU.ActiveCfg = Release|Any CPU
		{EA573E00-D1C2-4910-B924-FDAEB15BF931}.Release|Any CPU.Build.0 = Release|Any CPU
		{7ECCA32E-25CF-48C5-99EE-CA8841C4112B}.Debug|Any CPU.ActiveCfg = Debug|Any CPU
		{7ECCA32E-25CF-48C5-99EE-CA8841C4112B}.Debug|Any CPU.Build.0 = Debug|Any CPU
		{7ECCA32E-25CF-48C5-99EE-CA8841C4112B}.Release|Any CPU.ActiveCfg = Release|Any CPU
		{7ECCA32E-25CF-48C5-99EE-CA8841C4112B}.Release|Any CPU.Build.0 = Release|Any CPU
		{B04D0E38-035C-4824-BF7D-FD5B4AC4B313}.Debug|Any CPU.ActiveCfg = Debug|Any CPU
		{B04D0E38-035C-4824-BF7D-FD5B4AC4B313}.Debug|Any CPU.Build.0 = Debug|Any CPU
		{B04D0E38-035C-4824-BF7D-FD5B4AC4B313}.Release|Any CPU.ActiveCfg = Release|Any CPU
		{B04D0E38-035C-4824-BF7D-FD5B4AC4B313}.Release|Any CPU.Build.0 = Release|Any CPU
	EndGlobalSection
	GlobalSection(SolutionProperties) = preSolution
		HideSolutionNode = FALSE
	EndGlobalSection
	GlobalSection(NestedProjects) = preSolution
		{1D77FBD0-A7B2-4FEA-8583-91BBCA601363} = {67B31499-8C50-4551-8BBC-6A2B9EB7846D}
		{3AD90848-6471-4410-A30E-C26D50B079A9} = {67B31499-8C50-4551-8BBC-6A2B9EB7846D}
		{BDB9E9CF-A3D0-4ABF-AAFD-601D48FB9012} = {67B31499-8C50-4551-8BBC-6A2B9EB7846D}
		{B41D9D63-A26C-4B34-9AE9-F95599C4376E} = {1D77FBD0-A7B2-4FEA-8583-91BBCA601363}
		{F2443021-0057-4D98-9975-5FB15FDF359B} = {3AD90848-6471-4410-A30E-C26D50B079A9}
		{971B62F8-EBAD-4229-B031-6F8B1458CE22} = {3AD90848-6471-4410-A30E-C26D50B079A9}
		{7DA6F654-6FFE-471E-B410-128BF67A176E} = {3AD90848-6471-4410-A30E-C26D50B079A9}
		{EA573E00-D1C2-4910-B924-FDAEB15BF931} = {3AD90848-6471-4410-A30E-C26D50B079A9}
		{7ECCA32E-25CF-48C5-99EE-CA8841C4112B} = {BDB9E9CF-A3D0-4ABF-AAFD-601D48FB9012}
		{B04D0E38-035C-4824-BF7D-FD5B4AC4B313} = {BDB9E9CF-A3D0-4ABF-AAFD-601D48FB9012}
	EndGlobalSection
EndGlobal
